// !$*UTF8*$!
{
	archiveVersion = 1;
	classes = {
	};
	objectVersion = 55;
	objects = {

/* Begin PBXBuildFile section */
		E053C32827DA6F1D00D0EB3A /* AppDelegate.swift in Sources */ = {isa = PBXBuildFile; fileRef = E053C32727DA6F1D00D0EB3A /* AppDelegate.swift */; };
		E053C32A27DA6F1D00D0EB3A /* SceneDelegate.swift in Sources */ = {isa = PBXBuildFile; fileRef = E053C32927DA6F1D00D0EB3A /* SceneDelegate.swift */; };
		E053C32C27DA6F1D00D0EB3A /* ViewController.swift in Sources */ = {isa = PBXBuildFile; fileRef = E053C32B27DA6F1D00D0EB3A /* ViewController.swift */; };
		E053C32F27DA6F1D00D0EB3A /* Main.storyboard in Resources */ = {isa = PBXBuildFile; fileRef = E053C32D27DA6F1D00D0EB3A /* Main.storyboard */; };
		E053C33127DA6F2600D0EB3A /* Assets.xcassets in Resources */ = {isa = PBXBuildFile; fileRef = E053C33027DA6F2600D0EB3A /* Assets.xcassets */; };
		E053C33427DA6F2600D0EB3A /* LaunchScreen.storyboard in Resources */ = {isa = PBXBuildFile; fileRef = E053C33227DA6F2600D0EB3A /* LaunchScreen.storyboard */; };
		E053C33F27DA717900D0EB3A /* HomeViewController.swift in Sources */ = {isa = PBXBuildFile; fileRef = E053C33E27DA717900D0EB3A /* HomeViewController.swift */; };
		E053C34327DA74F100D0EB3A /* OpenSans-Bold.ttf in Resources */ = {isa = PBXBuildFile; fileRef = E053C34127DA74F000D0EB3A /* OpenSans-Bold.ttf */; };
		E053C34427DA74F100D0EB3A /* OpenSans-Regular.ttf in Resources */ = {isa = PBXBuildFile; fileRef = E053C34227DA74F100D0EB3A /* OpenSans-Regular.ttf */; };
		E053C34727DA752700D0EB3A /* Roboto-Bold.ttf in Resources */ = {isa = PBXBuildFile; fileRef = E053C34527DA752700D0EB3A /* Roboto-Bold.ttf */; };
		E053C34827DA752700D0EB3A /* Roboto-Regular.ttf in Resources */ = {isa = PBXBuildFile; fileRef = E053C34627DA752700D0EB3A /* Roboto-Regular.ttf */; };
		E0ED409B27DB731600E0A71F /* PokemonCollectionViewCell.swift in Sources */ = {isa = PBXBuildFile; fileRef = E0ED409A27DB731600E0A71F /* PokemonCollectionViewCell.swift */; };
		E0ED409F27DB73E200E0A71F /* PokemonModel.swift in Sources */ = {isa = PBXBuildFile; fileRef = E0ED409E27DB73E200E0A71F /* PokemonModel.swift */; };
/* End PBXBuildFile section */

/* Begin PBXFileReference section */
		E053C32427DA6F1D00D0EB3A /* Pokedex.app */ = {isa = PBXFileReference; explicitFileType = wrapper.application; includeInIndex = 0; path = Pokedex.app; sourceTree = BUILT_PRODUCTS_DIR; };
		E053C32727DA6F1D00D0EB3A /* AppDelegate.swift */ = {isa = PBXFileReference; lastKnownFileType = sourcecode.swift; path = AppDelegate.swift; sourceTree = "<group>"; };
		E053C32927DA6F1D00D0EB3A /* SceneDelegate.swift */ = {isa = PBXFileReference; lastKnownFileType = sourcecode.swift; path = SceneDelegate.swift; sourceTree = "<group>"; };
		E053C32B27DA6F1D00D0EB3A /* ViewController.swift */ = {isa = PBXFileReference; lastKnownFileType = sourcecode.swift; path = ViewController.swift; sourceTree = "<group>"; };
		E053C32E27DA6F1D00D0EB3A /* Base */ = {isa = PBXFileReference; lastKnownFileType = file.storyboard; name = Base; path = Base.lproj/Main.storyboard; sourceTree = "<group>"; };
		E053C33027DA6F2600D0EB3A /* Assets.xcassets */ = {isa = PBXFileReference; lastKnownFileType = folder.assetcatalog; path = Assets.xcassets; sourceTree = "<group>"; };
		E053C33327DA6F2600D0EB3A /* Base */ = {isa = PBXFileReference; lastKnownFileType = file.storyboard; name = Base; path = Base.lproj/LaunchScreen.storyboard; sourceTree = "<group>"; };
		E053C33527DA6F2600D0EB3A /* Info.plist */ = {isa = PBXFileReference; lastKnownFileType = text.plist.xml; path = Info.plist; sourceTree = "<group>"; };
		E053C33E27DA717900D0EB3A /* HomeViewController.swift */ = {isa = PBXFileReference; lastKnownFileType = sourcecode.swift; path = HomeViewController.swift; sourceTree = "<group>"; };
		E053C34127DA74F000D0EB3A /* OpenSans-Bold.ttf */ = {isa = PBXFileReference; lastKnownFileType = file; path = "OpenSans-Bold.ttf"; sourceTree = "<group>"; };
		E053C34227DA74F100D0EB3A /* OpenSans-Regular.ttf */ = {isa = PBXFileReference; lastKnownFileType = file; path = "OpenSans-Regular.ttf"; sourceTree = "<group>"; };
		E053C34527DA752700D0EB3A /* Roboto-Bold.ttf */ = {isa = PBXFileReference; lastKnownFileType = file; path = "Roboto-Bold.ttf"; sourceTree = "<group>"; };
		E053C34627DA752700D0EB3A /* Roboto-Regular.ttf */ = {isa = PBXFileReference; lastKnownFileType = file; path = "Roboto-Regular.ttf"; sourceTree = "<group>"; };
		E0ED409A27DB731600E0A71F /* PokemonCollectionViewCell.swift */ = {isa = PBXFileReference; lastKnownFileType = sourcecode.swift; path = PokemonCollectionViewCell.swift; sourceTree = "<group>"; };
		E0ED409E27DB73E200E0A71F /* PokemonModel.swift */ = {isa = PBXFileReference; lastKnownFileType = sourcecode.swift; path = PokemonModel.swift; sourceTree = "<group>"; };
/* End PBXFileReference section */

/* Begin PBXFrameworksBuildPhase section */
		E053C32127DA6F1D00D0EB3A /* Frameworks */ = {
			isa = PBXFrameworksBuildPhase;
			buildActionMask = 2147483647;
			files = (
			);
			runOnlyForDeploymentPostprocessing = 0;
		};
/* End PBXFrameworksBuildPhase section */

/* Begin PBXGroup section */
		E053C31B27DA6F1D00D0EB3A = {
			isa = PBXGroup;
			children = (
				E053C32627DA6F1D00D0EB3A /* Pokedex */,
				E053C32527DA6F1D00D0EB3A /* Products */,
			);
			sourceTree = "<group>";
		};
		E053C32527DA6F1D00D0EB3A /* Products */ = {
			isa = PBXGroup;
			children = (
				E053C32427DA6F1D00D0EB3A /* Pokedex.app */,
			);
			name = Products;
			sourceTree = "<group>";
		};
		E053C32627DA6F1D00D0EB3A /* Pokedex */ = {
			isa = PBXGroup;
			children = (
				E0ED409C27DB736A00E0A71F /* Network */,
				E053C33B27DA713100D0EB3A /* Presentation */,
				E053C34027DA73FF00D0EB3A /* Fonts */,
				E053C32727DA6F1D00D0EB3A /* AppDelegate.swift */,
				E053C32927DA6F1D00D0EB3A /* SceneDelegate.swift */,
				E053C32B27DA6F1D00D0EB3A /* ViewController.swift */,
				E053C32D27DA6F1D00D0EB3A /* Main.storyboard */,
				E053C33027DA6F2600D0EB3A /* Assets.xcassets */,
				E053C33227DA6F2600D0EB3A /* LaunchScreen.storyboard */,
				E053C33527DA6F2600D0EB3A /* Info.plist */,
			);
			path = Pokedex;
			sourceTree = "<group>";
		};
		E053C33B27DA713100D0EB3A /* Presentation */ = {
			isa = PBXGroup;
			children = (
				E053C33C27DA713400D0EB3A /* Home */,
			);
			path = Presentation;
			sourceTree = "<group>";
		};
		E053C33C27DA713400D0EB3A /* Home */ = {
			isa = PBXGroup;
			children = (
				E053C33D27DA713C00D0EB3A /* View */,
			);
			path = Home;
			sourceTree = "<group>";
		};
		E053C33D27DA713C00D0EB3A /* View */ = {
			isa = PBXGroup;
			children = (
				E0ED409927DB72E800E0A71F /* Cell */,
				E053C33E27DA717900D0EB3A /* HomeViewController.swift */,
			);
			path = View;
			sourceTree = "<group>";
		};
		E053C34027DA73FF00D0EB3A /* Fonts */ = {
			isa = PBXGroup;
			children = (
				E053C34527DA752700D0EB3A /* Roboto-Bold.ttf */,
				E053C34627DA752700D0EB3A /* Roboto-Regular.ttf */,
				E053C34127DA74F000D0EB3A /* OpenSans-Bold.ttf */,
				E053C34227DA74F100D0EB3A /* OpenSans-Regular.ttf */,
			);
			path = Fonts;
			sourceTree = "<group>";
		};
		E0ED409927DB72E800E0A71F /* Cell */ = {
			isa = PBXGroup;
			children = (
				E0ED409A27DB731600E0A71F /* PokemonCollectionViewCell.swift */,
			);
			path = Cell;
			sourceTree = "<group>";
		};
		E0ED409C27DB736A00E0A71F /* Network */ = {
			isa = PBXGroup;
			children = (
				E0ED409D27DB737600E0A71F /* Model */,
			);
			path = Network;
			sourceTree = "<group>";
		};
		E0ED409D27DB737600E0A71F /* Model */ = {
			isa = PBXGroup;
			children = (
				E0ED409E27DB73E200E0A71F /* PokemonModel.swift */,
			);
			path = Model;
			sourceTree = "<group>";
		};
/* End PBXGroup section */

/* Begin PBXNativeTarget section */
		E053C32327DA6F1D00D0EB3A /* Pokedex */ = {
			isa = PBXNativeTarget;
			buildConfigurationList = E053C33827DA6F2600D0EB3A /* Build configuration list for PBXNativeTarget "Pokedex" */;
			buildPhases = (
				E053C32027DA6F1D00D0EB3A /* Sources */,
				E053C32127DA6F1D00D0EB3A /* Frameworks */,
				E053C32227DA6F1D00D0EB3A /* Resources */,
			);
			buildRules = (
			);
			dependencies = (
			);
			name = Pokedex;
			productName = Pokedex;
			productReference = E053C32427DA6F1D00D0EB3A /* Pokedex.app */;
			productType = "com.apple.product-type.application";
		};
/* End PBXNativeTarget section */

/* Begin PBXProject section */
		E053C31C27DA6F1D00D0EB3A /* Project object */ = {
			isa = PBXProject;
			attributes = {
				BuildIndependentTargetsInParallel = 1;
				LastSwiftUpdateCheck = 1320;
				LastUpgradeCheck = 1320;
				TargetAttributes = {
					E053C32327DA6F1D00D0EB3A = {
						CreatedOnToolsVersion = 13.2.1;
					};
				};
			};
			buildConfigurationList = E053C31F27DA6F1D00D0EB3A /* Build configuration list for PBXProject "Pokedex" */;
			compatibilityVersion = "Xcode 13.0";
			developmentRegion = en;
			hasScannedForEncodings = 0;
			knownRegions = (
				en,
				Base,
			);
			mainGroup = E053C31B27DA6F1D00D0EB3A;
			productRefGroup = E053C32527DA6F1D00D0EB3A /* Products */;
			projectDirPath = "";
			projectRoot = "";
			targets = (
				E053C32327DA6F1D00D0EB3A /* Pokedex */,
			);
		};
/* End PBXProject section */

/* Begin PBXResourcesBuildPhase section */
		E053C32227DA6F1D00D0EB3A /* Resources */ = {
			isa = PBXResourcesBuildPhase;
			buildActionMask = 2147483647;
			files = (
				E053C34427DA74F100D0EB3A /* OpenSans-Regular.ttf in Resources */,
				E053C34827DA752700D0EB3A /* Roboto-Regular.ttf in Resources */,
				E053C33427DA6F2600D0EB3A /* LaunchScreen.storyboard in Resources */,
				E053C34727DA752700D0EB3A /* Roboto-Bold.ttf in Resources */,
				E053C33127DA6F2600D0EB3A /* Assets.xcassets in Resources */,
				E053C34327DA74F100D0EB3A /* OpenSans-Bold.ttf in Resources */,
				E053C32F27DA6F1D00D0EB3A /* Main.storyboard in Resources */,
			);
			runOnlyForDeploymentPostprocessing = 0;
		};
/* End PBXResourcesBuildPhase section */

/* Begin PBXSourcesBuildPhase section */
		E053C32027DA6F1D00D0EB3A /* Sources */ = {
			isa = PBXSourcesBuildPhase;
			buildActionMask = 2147483647;
			files = (
				E053C32C27DA6F1D00D0EB3A /* ViewController.swift in Sources */,
				E0ED409F27DB73E200E0A71F /* PokemonModel.swift in Sources */,
				E053C32827DA6F1D00D0EB3A /* AppDelegate.swift in Sources */,
				E053C32A27DA6F1D00D0EB3A /* SceneDelegate.swift in Sources */,
				E0ED409B27DB731600E0A71F /* PokemonCollectionViewCell.swift in Sources */,
				E053C33F27DA717900D0EB3A /* HomeViewController.swift in Sources */,
			);
			runOnlyForDeploymentPostprocessing = 0;
		};
/* End PBXSourcesBuildPhase section */

/* Begin PBXVariantGroup section */
		E053C32D27DA6F1D00D0EB3A /* Main.storyboard */ = {
			isa = PBXVariantGroup;
			children = (
				E053C32E27DA6F1D00D0EB3A /* Base */,
			);
			name = Main.storyboard;
			sourceTree = "<group>";
		};
		E053C33227DA6F2600D0EB3A /* LaunchScreen.storyboard */ = {
			isa = PBXVariantGroup;
			children = (
				E053C33327DA6F2600D0EB3A /* Base */,
			);
			name = LaunchScreen.storyboard;
			sourceTree = "<group>";
		};
/* End PBXVariantGroup section */

/* Begin XCBuildConfiguration section */
		E053C33627DA6F2600D0EB3A /* Debug */ = {
			isa = XCBuildConfiguration;
			buildSettings = {
				ALWAYS_SEARCH_USER_PATHS = NO;
				CLANG_ANALYZER_NONNULL = YES;
				CLANG_ANALYZER_NUMBER_OBJECT_CONVERSION = YES_AGGRESSIVE;
				CLANG_CXX_LANGUAGE_STANDARD = "gnu++17";
				CLANG_CXX_LIBRARY = "libc++";
				CLANG_ENABLE_MODULES = YES;
				CLANG_ENABLE_OBJC_ARC = YES;
				CLANG_ENABLE_OBJC_WEAK = YES;
				CLANG_WARN_BLOCK_CAPTURE_AUTORELEASING = YES;
				CLANG_WARN_BOOL_CONVERSION = YES;
				CLANG_WARN_COMMA = YES;
				CLANG_WARN_CONSTANT_CONVERSION = YES;
				CLANG_WARN_DEPRECATED_OBJC_IMPLEMENTATIONS = YES;
				CLANG_WARN_DIRECT_OBJC_ISA_USAGE = YES_ERROR;
				CLANG_WARN_DOCUMENTATION_COMMENTS = YES;
				CLANG_WARN_EMPTY_BODY = YES;
				CLANG_WARN_ENUM_CONVERSION = YES;
				CLANG_WARN_INFINITE_RECURSION = YES;
				CLANG_WARN_INT_CONVERSION = YES;
				CLANG_WARN_NON_LITERAL_NULL_CONVERSION = YES;
				CLANG_WARN_OBJC_IMPLICIT_RETAIN_SELF = YES;
				CLANG_WARN_OBJC_LITERAL_CONVERSION = YES;
				CLANG_WARN_OBJC_ROOT_CLASS = YES_ERROR;
				CLANG_WARN_QUOTED_INCLUDE_IN_FRAMEWORK_HEADER = YES;
				CLANG_WARN_RANGE_LOOP_ANALYSIS = YES;
				CLANG_WARN_STRICT_PROTOTYPES = YES;
				CLANG_WARN_SUSPICIOUS_MOVE = YES;
				CLANG_WARN_UNGUARDED_AVAILABILITY = YES_AGGRESSIVE;
				CLANG_WARN_UNREACHABLE_CODE = YES;
				CLANG_WARN__DUPLICATE_METHOD_MATCH = YES;
				COPY_PHASE_STRIP = NO;
				DEBUG_INFORMATION_FORMAT = dwarf;
				ENABLE_STRICT_OBJC_MSGSEND = YES;
				ENABLE_TESTABILITY = YES;
				GCC_C_LANGUAGE_STANDARD = gnu11;
				GCC_DYNAMIC_NO_PIC = NO;
				GCC_NO_COMMON_BLOCKS = YES;
				GCC_OPTIMIZATION_LEVEL = 0;
				GCC_PREPROCESSOR_DEFINITIONS = (
					"DEBUG=1",
					"$(inherited)",
				);
				GCC_WARN_64_TO_32_BIT_CONVERSION = YES;
				GCC_WARN_ABOUT_RETURN_TYPE = YES_ERROR;
				GCC_WARN_UNDECLARED_SELECTOR = YES;
				GCC_WARN_UNINITIALIZED_AUTOS = YES_AGGRESSIVE;
				GCC_WARN_UNUSED_FUNCTION = YES;
				GCC_WARN_UNUSED_VARIABLE = YES;
				IPHONEOS_DEPLOYMENT_TARGET = 15.2;
				MTL_ENABLE_DEBUG_INFO = INCLUDE_SOURCE;
				MTL_FAST_MATH = YES;
				ONLY_ACTIVE_ARCH = YES;
				SDKROOT = iphoneos;
				SWIFT_ACTIVE_COMPILATION_CONDITIONS = DEBUG;
				SWIFT_OPTIMIZATION_LEVEL = "-Onone";
			};
			name = Debug;
		};
		E053C33727DA6F2600D0EB3A /* Release */ = {
			isa = XCBuildConfiguration;
			buildSettings = {
				ALWAYS_SEARCH_USER_PATHS = NO;
				CLANG_ANALYZER_NONNULL = YES;
				CLANG_ANALYZER_NUMBER_OBJECT_CONVERSION = YES_AGGRESSIVE;
				CLANG_CXX_LANGUAGE_STANDARD = "gnu++17";
				CLANG_CXX_LIBRARY = "libc++";
				CLANG_ENABLE_MODULES = YES;
				CLANG_ENABLE_OBJC_ARC = YES;
				CLANG_ENABLE_OBJC_WEAK = YES;
				CLANG_WARN_BLOCK_CAPTURE_AUTORELEASING = YES;
				CLANG_WARN_BOOL_CONVERSION = YES;
				CLANG_WARN_COMMA = YES;
				CLANG_WARN_CONSTANT_CONVERSION = YES;
				CLANG_WARN_DEPRECATED_OBJC_IMPLEMENTATIONS = YES;
				CLANG_WARN_DIRECT_OBJC_ISA_USAGE = YES_ERROR;
				CLANG_WARN_DOCUMENTATION_COMMENTS = YES;
				CLANG_WARN_EMPTY_BODY = YES;
				CLANG_WARN_ENUM_CONVERSION = YES;
				CLANG_WARN_INFINITE_RECURSION = YES;
				CLANG_WARN_INT_CONVERSION = YES;
				CLANG_WARN_NON_LITERAL_NULL_CONVERSION = YES;
				CLANG_WARN_OBJC_IMPLICIT_RETAIN_SELF = YES;
				CLANG_WARN_OBJC_LITERAL_CONVERSION = YES;
				CLANG_WARN_OBJC_ROOT_CLASS = YES_ERROR;
				CLANG_WARN_QUOTED_INCLUDE_IN_FRAMEWORK_HEADER = YES;
				CLANG_WARN_RANGE_LOOP_ANALYSIS = YES;
				CLANG_WARN_STRICT_PROTOTYPES = YES;
				CLANG_WARN_SUSPICIOUS_MOVE = YES;
				CLANG_WARN_UNGUARDED_AVAILABILITY = YES_AGGRESSIVE;
				CLANG_WARN_UNREACHABLE_CODE = YES;
				CLANG_WARN__DUPLICATE_METHOD_MATCH = YES;
				COPY_PHASE_STRIP = NO;
				DEBUG_INFORMATION_FORMAT = "dwarf-with-dsym";
				ENABLE_NS_ASSERTIONS = NO;
				ENABLE_STRICT_OBJC_MSGSEND = YES;
				GCC_C_LANGUAGE_STANDARD = gnu11;
				GCC_NO_COMMON_BLOCKS = YES;
				GCC_WARN_64_TO_32_BIT_CONVERSION = YES;
				GCC_WARN_ABOUT_RETURN_TYPE = YES_ERROR;
				GCC_WARN_UNDECLARED_SELECTOR = YES;
				GCC_WARN_UNINITIALIZED_AUTOS = YES_AGGRESSIVE;
				GCC_WARN_UNUSED_FUNCTION = YES;
				GCC_WARN_UNUSED_VARIABLE = YES;
				IPHONEOS_DEPLOYMENT_TARGET = 15.2;
				MTL_ENABLE_DEBUG_INFO = NO;
				MTL_FAST_MATH = YES;
				SDKROOT = iphoneos;
				SWIFT_COMPILATION_MODE = wholemodule;
				SWIFT_OPTIMIZATION_LEVEL = "-O";
				VALIDATE_PRODUCT = YES;
			};
			name = Release;
		};
		E053C33927DA6F2600D0EB3A /* Debug */ = {
			isa = XCBuildConfiguration;
			buildSettings = {
				ASSETCATALOG_COMPILER_APPICON_NAME = AppIcon;
				ASSETCATALOG_COMPILER_GLOBAL_ACCENT_COLOR_NAME = AccentColor;
				CODE_SIGN_STYLE = Automatic;
				CURRENT_PROJECT_VERSION = 1;
				DEVELOPMENT_TEAM = MZK2Y22TFS;
				GENERATE_INFOPLIST_FILE = YES;
				INFOPLIST_FILE = Pokedex/Info.plist;
				INFOPLIST_KEY_UIApplicationSupportsIndirectInputEvents = YES;
				INFOPLIST_KEY_UILaunchStoryboardName = LaunchScreen;
				INFOPLIST_KEY_UIMainStoryboardFile = Main;
				INFOPLIST_KEY_UISupportedInterfaceOrientations = UIInterfaceOrientationPortrait;
				INFOPLIST_KEY_UISupportedInterfaceOrientations_iPad = "UIInterfaceOrientationPortrait UIInterfaceOrientationPortraitUpsideDown UIInterfaceOrientationLandscapeLeft UIInterfaceOrientationLandscapeRight";
				INFOPLIST_KEY_UISupportedInterfaceOrientations_iPhone = "UIInterfaceOrientationPortrait UIInterfaceOrientationLandscapeLeft UIInterfaceOrientationLandscapeRight";
				LD_RUNPATH_SEARCH_PATHS = (
					"$(inherited)",
					"@executable_path/Frameworks",
				);
				MARKETING_VERSION = 1.0;
				PRODUCT_BUNDLE_IDENTIFIER = com.james.Pokedex;
				PRODUCT_NAME = "$(TARGET_NAME)";
				SWIFT_EMIT_LOC_STRINGS = YES;
				SWIFT_VERSION = 5.0;
				TARGETED_DEVICE_FAMILY = "1,2";
			};
			name = Debug;
		};
		E053C33A27DA6F2600D0EB3A /* Release */ = {
			isa = XCBuildConfiguration;
			buildSettings = {
				ASSETCATALOG_COMPILER_APPICON_NAME = AppIcon;
				ASSETCATALOG_COMPILER_GLOBAL_ACCENT_COLOR_NAME = AccentColor;
				CODE_SIGN_STYLE = Automatic;
				CURRENT_PROJECT_VERSION = 1;
				DEVELOPMENT_TEAM = MZK2Y22TFS;
				GENERATE_INFOPLIST_FILE = YES;
				INFOPLIST_FILE = Pokedex/Info.plist;
				INFOPLIST_KEY_UIApplicationSupportsIndirectInputEvents = YES;
				INFOPLIST_KEY_UILaunchStoryboardName = LaunchScreen;
				INFOPLIST_KEY_UIMainStoryboardFile = Main;
				INFOPLIST_KEY_UISupportedInterfaceOrientations = UIInterfaceOrientationPortrait;
				INFOPLIST_KEY_UISupportedInterfaceOrientations_iPad = "UIInterfaceOrientationPortrait UIInterfaceOrientationPortraitUpsideDown UIInterfaceOrientationLandscapeLeft UIInterfaceOrientationLandscapeRight";
				INFOPLIST_KEY_UISupportedInterfaceOrientations_iPhone = "UIInterfaceOrientationPortrait UIInterfaceOrientationLandscapeLeft UIInterfaceOrientationLandscapeRight";
				LD_RUNPATH_SEARCH_PATHS = (
					"$(inherited)",
					"@executable_path/Frameworks",
				);
				MARKETING_VERSION = 1.0;
				PRODUCT_BUNDLE_IDENTIFIER = com.james.Pokedex;
				PRODUCT_NAME = "$(TARGET_NAME)";
				SWIFT_EMIT_LOC_STRINGS = YES;
				SWIFT_VERSION = 5.0;
				TARGETED_DEVICE_FAMILY = "1,2";
			};
			name = Release;
		};
/* End XCBuildConfiguration section */

/* Begin XCConfigurationList section */
		E053C31F27DA6F1D00D0EB3A /* Build configuration list for PBXProject "Pokedex" */ = {
			isa = XCConfigurationList;
			buildConfigurations = (
				E053C33627DA6F2600D0EB3A /* Debug */,
				E053C33727DA6F2600D0EB3A /* Release */,
			);
			defaultConfigurationIsVisible = 0;
			defaultConfigurationName = Release;
		};
		E053C33827DA6F2600D0EB3A /* Build configuration list for PBXNativeTarget "Pokedex" */ = {
			isa = XCConfigurationList;
			buildConfigurations = (
				E053C33927DA6F2600D0EB3A /* Debug */,
				E053C33A27DA6F2600D0EB3A /* Release */,
			);
			defaultConfigurationIsVisible = 0;
			defaultConfigurationName = Release;
		};
/* End XCConfigurationList section */
	};
	rootObject = E053C31C27DA6F1D00D0EB3A /* Project object */;
}
